
Microsoft Visual Studio Solution File, Format Version 12.00
# Visual Studio Version 17
VisualStudioVersion = 17.2.32630.192
MinimumVisualStudioVersion = 10.0.40219.1
Project("{9A19103F-16F7-4668-BE54-9A1E7A4F7556}") = "FastRouting.Repositories", "FastRouting.Repositories\FastRouting.Repositories.csproj", "{B898C89C-D704-4AFA-8CED-8EE02F73A81C}"
EndProject
Project("{9A19103F-16F7-4668-BE54-9A1E7A4F7556}") = "FastRouting.Common", "FastRouting.Common\FastRouting.Common.csproj", "{6CD10F7C-DB8E-4E86-9F58-9CDDCB4BB6F9}"
EndProject
Project("{FAE04EC0-301F-11D3-BF4B-00C04F79EFBC}") = "FastRouting.Services", "FastRouting.Services\FastRouting.Services.csproj", "{CED28A99-2B72-43A7-AB2C-D6C04C398777}"
EndProject
Global
	GlobalSection(SolutionConfigurationPlatforms) = preSolution
		Debug|Any CPU = Debug|Any CPU
		Release|Any CPU = Release|Any CPU
	EndGlobalSection
	GlobalSection(ProjectConfigurationPlatforms) = postSolution
		{B898C89C-D704-4AFA-8CED-8EE02F73A81C}.Debug|Any CPU.ActiveCfg = Debug|Any CPU
		{B898C89C-D704-4AFA-8CED-8EE02F73A81C}.Debug|Any CPU.Build.0 = Debug|Any CPU
		{B898C89C-D704-4AFA-8CED-8EE02F73A81C}.Release|Any CPU.ActiveCfg = Release|Any CPU
		{B898C89C-D704-4AFA-8CED-8EE02F73A81C}.Release|Any CPU.Build.0 = Release|Any CPU
		{6CD10F7C-DB8E-4E86-9F58-9CDDCB4BB6F9}.Debug|Any CPU.ActiveCfg = Debug|Any CPU
		{6CD10F7C-DB8E-4E86-9F58-9CDDCB4BB6F9}.Debug|Any CPU.Build.0 = Debug|Any CPU
		{6CD10F7C-DB8E-4E86-9F58-9CDDCB4BB6F9}.Release|Any CPU.ActiveCfg = Release|Any CPU
		{6CD10F7C-DB8E-4E86-9F58-9CDDCB4BB6F9}.Release|Any CPU.Build.0 = Release|Any CPU
		{CED28A99-2B72-43A7-AB2C-D6C04C398777}.Debug|Any CPU.ActiveCfg = Debug|Any CPU
		{CED28A99-2B72-43A7-AB2C-D6C04C398777}.Debug|Any CPU.Build.0 = Debug|Any CPU
		{CED28A99-2B72-43A7-AB2C-D6C04C398777}.Release|Any CPU.ActiveCfg = Release|Any CPU
		{CED28A99-2B72-43A7-AB2C-D6C04C398777}.Release|Any CPU.Build.0 = Release|Any CPU
	EndGlobalSection
	GlobalSection(SolutionProperties) = preSolution
		HideSolutionNode = FALSE
	EndGlobalSection
	GlobalSection(ExtensibilityGlobals) = postSolution
		SolutionGuid = {B93A6726-84BD-4BA0-A598-35BA65BD7826}
	EndGlobalSection
EndGlobal
